apiVersion: vendir.k14s.io/v1alpha1
directories:
- contents:
  - http: {}
    path: .
  path: config/release
- contents:
  - git:
      commitTitle: 'Merge pull request #960 from pivotal/docs-unit-tests-and-libgit2...'
      sha: 37764d9940b2f45b1c7acb6c2cd33cf4f489c03b
      tags:
      - v0.5.2-21-g37764d9
    path: .
  path: test
kind: LockConfig
