apiVersion: vendir.k14s.io/v1alpha1
directories:
- contents:
  - http: {}
    path: .
  path: config/release
- contents:
  - git:
      commitTitle: 'Merge pull request #1025 from pivotal/configurable-platform-api...'
      sha: 7cbd334523c528c41558e5c05213985ecfc2c4e2
      tags:
      - v0.6.1-49-g7cbd334
    path: .
  path: test
kind: LockConfig
