apiVersion: vendir.k14s.io/v1alpha1
directories:
- contents:
  - http: {}
    path: .
  path: config/release
- contents:
  - git:
      commitTitle: 'Merge pull request #970 from pivotal/silence-cred-helpers...'
      sha: bc0e2001d9e33f988a27e37a725630d523cf34dc
      tags:
      - v0.5.2-45-gbc0e200
    path: .
  path: test
kind: LockConfig
